
Microsoft Visual Studio Solution File, Format Version 12.00
# Visual Studio Version 16
VisualStudioVersion = 16.0.28803.156
MinimumVisualStudioVersion = 10.0.40219.1
Project("{FAE04EC0-301F-11D3-BF4B-00C04F79EFBC}") = "ShadowRunRoller", "ShadowRunRoller.csproj", "{CEB977E0-F913-486E-86DF-DB0F7911603A}"
EndProject
Global
	GlobalSection(SolutionConfigurationPlatforms) = preSolution
		Debug|Any CPU = Debug|Any CPU
		Release|Any CPU = Release|Any CPU
	EndGlobalSection
	GlobalSection(ProjectConfigurationPlatforms) = postSolution
		{CEB977E0-F913-486E-86DF-DB0F7911603A}.Debug|Any CPU.ActiveCfg = Debug|Any CPU
		{CEB977E0-F913-486E-86DF-DB0F7911603A}.Debug|Any CPU.Build.0 = Debug|Any CPU
		{CEB977E0-F913-486E-86DF-DB0F7911603A}.Release|Any CPU.ActiveCfg = Release|Any CPU
		{CEB977E0-F913-486E-86DF-DB0F7911603A}.Release|Any CPU.Build.0 = Release|Any CPU
	EndGlobalSection
	GlobalSection(SolutionProperties) = preSolution
		HideSolutionNode = FALSE
	EndGlobalSection
	GlobalSection(ExtensibilityGlobals) = postSolution
		SolutionGuid = {7C556BC7-0CED-4B37-B1CA-D749733E881C}
	EndGlobalSection
EndGlobal
